
Microsoft Visual Studio Solution File, Format Version 12.00
# Visual Studio 15
VisualStudioVersion = 15.0.28307.1401
MinimumVisualStudioVersion = 10.0.40219.1
Project("{FAE04EC0-301F-11D3-BF4B-00C04F79EFBC}") = "FirstWebApplication", "FirstWebApplication\FirstWebApplication.csproj", "{8D07011C-E6C4-42B0-A0F1-0486175B6BD7}"
EndProject
Global
	GlobalSection(SolutionConfigurationPlatforms) = preSolution
		Debug|Any CPU = Debug|Any CPU
		Release|Any CPU = Release|Any CPU
	EndGlobalSection
	GlobalSection(ProjectConfigurationPlatforms) = postSolution
		{8D07011C-E6C4-42B0-A0F1-0486175B6BD7}.Debug|Any CPU.ActiveCfg = Debug|Any CPU
		{8D07011C-E6C4-42B0-A0F1-0486175B6BD7}.Debug|Any CPU.Build.0 = Debug|Any CPU
		{8D07011C-E6C4-42B0-A0F1-0486175B6BD7}.Release|Any CPU.ActiveCfg = Release|Any CPU
		{8D07011C-E6C4-42B0-A0F1-0486175B6BD7}.Release|Any CPU.Build.0 = Release|Any CPU
	EndGlobalSection
	GlobalSection(SolutionProperties) = preSolution
		HideSolutionNode = FALSE
	EndGlobalSection
	GlobalSection(ExtensibilityGlobals) = postSolution
		SolutionGuid = {8B88F48E-0C85-42E5-AD4C-0E24C5F1E409}
	EndGlobalSection
EndGlobal
